// !$*UTF8*$!
{
	archiveVersion = 1;
	classes = {
	};
	objectVersion = 51;
	objects = {

/* Begin PBXBuildFile section */
		067B7C3308C089C4B0A9FD03 /* Pods_WeatherBrickTests.framework in Frameworks */ = {isa = PBXBuildFile; fileRef = 4A3629AE39AA2D5F9726B8AE /* Pods_WeatherBrickTests.framework */; };
		078C5A461487B5025248FC65 /* Pods_WeatherBrick_WeatherBrickUITests.framework in Frameworks */ = {isa = PBXBuildFile; fileRef = 420984B3707684E9D04F822F /* Pods_WeatherBrick_WeatherBrickUITests.framework */; };
		6AE497725943DE2D772D808B /* Pods_WeatherBrick.framework in Frameworks */ = {isa = PBXBuildFile; fileRef = 0DE9B0AEEB274D2060C91604 /* Pods_WeatherBrick.framework */; };
		92429A3C277CC02300A57CCD /* exampleBrick.swift in Sources */ = {isa = PBXBuildFile; fileRef = 92429A3B277CC02300A57CCD /* exampleBrick.swift */; };
		9264E771277A299A00506375 /* ModalViewController.swift in Sources */ = {isa = PBXBuildFile; fileRef = 9264E770277A299A00506375 /* ModalViewController.swift */; };
		9264E773277A29B900506375 /* Colors.swift in Sources */ = {isa = PBXBuildFile; fileRef = 9264E772277A29B900506375 /* Colors.swift */; };
		9264E775277A29D700506375 /* Gradient.swift in Sources */ = {isa = PBXBuildFile; fileRef = 9264E774277A29D700506375 /* Gradient.swift */; };
		A3475EFF273305F200BF5E86 /* AppDelegate.swift in Sources */ = {isa = PBXBuildFile; fileRef = A3475EFE273305F200BF5E86 /* AppDelegate.swift */; };
		A3475F01273305F200BF5E86 /* ViewController.swift in Sources */ = {isa = PBXBuildFile; fileRef = A3475F00273305F200BF5E86 /* ViewController.swift */; };
		A3475F04273305F200BF5E86 /* Main.storyboard in Resources */ = {isa = PBXBuildFile; fileRef = A3475F02273305F200BF5E86 /* Main.storyboard */; };
		A3475F06273305F400BF5E86 /* Assets.xcassets in Resources */ = {isa = PBXBuildFile; fileRef = A3475F05273305F400BF5E86 /* Assets.xcassets */; };
		A3475F09273305F400BF5E86 /* LaunchScreen.storyboard in Resources */ = {isa = PBXBuildFile; fileRef = A3475F07273305F400BF5E86 /* LaunchScreen.storyboard */; };
		A3475F14273305F400BF5E86 /* WeatherBrickTests.swift in Sources */ = {isa = PBXBuildFile; fileRef = A3475F13273305F400BF5E86 /* WeatherBrickTests.swift */; };
		A3475F1F273305F400BF5E86 /* WeatherBrickUITests.swift in Sources */ = {isa = PBXBuildFile; fileRef = A3475F1E273305F400BF5E86 /* WeatherBrickUITests.swift */; };
		A3ACF2E1273847B000CEE97C /* SF-Pro-Display-Light.otf in Resources */ = {isa = PBXBuildFile; fileRef = A3ACF2E0273847B000CEE97C /* SF-Pro-Display-Light.otf */; };
		A3ACF2E3273847B800CEE97C /* SF-Pro-Display-Semibold.otf in Resources */ = {isa = PBXBuildFile; fileRef = A3ACF2E2273847B800CEE97C /* SF-Pro-Display-Semibold.otf */; };
		A3ACF2E727384B9800CEE97C /* Localizable.strings in Resources */ = {isa = PBXBuildFile; fileRef = A3ACF2E627384B9800CEE97C /* Localizable.strings */; };
/* End PBXBuildFile section */

/* Begin PBXContainerItemProxy section */
		A3475F10273305F400BF5E86 /* PBXContainerItemProxy */ = {
			isa = PBXContainerItemProxy;
			containerPortal = A3475EF3273305F200BF5E86 /* Project object */;
			proxyType = 1;
			remoteGlobalIDString = A3475EFA273305F200BF5E86;
			remoteInfo = WeatherBrick;
		};
		A3475F1B273305F400BF5E86 /* PBXContainerItemProxy */ = {
			isa = PBXContainerItemProxy;
			containerPortal = A3475EF3273305F200BF5E86 /* Project object */;
			proxyType = 1;
			remoteGlobalIDString = A3475EFA273305F200BF5E86;
			remoteInfo = WeatherBrick;
		};
/* End PBXContainerItemProxy section */

/* Begin PBXFileReference section */
		059DC68A61B4462A48A259C4 /* Pods-WeatherBrickTests.release.xcconfig */ = {isa = PBXFileReference; includeInIndex = 1; lastKnownFileType = text.xcconfig; name = "Pods-WeatherBrickTests.release.xcconfig"; path = "Target Support Files/Pods-WeatherBrickTests/Pods-WeatherBrickTests.release.xcconfig"; sourceTree = "<group>"; };
		0DE9B0AEEB274D2060C91604 /* Pods_WeatherBrick.framework */ = {isa = PBXFileReference; explicitFileType = wrapper.framework; includeInIndex = 0; path = Pods_WeatherBrick.framework; sourceTree = BUILT_PRODUCTS_DIR; };
		1DD5B85118E9BF9C9F1AB161 /* Pods-WeatherBrick.release.xcconfig */ = {isa = PBXFileReference; includeInIndex = 1; lastKnownFileType = text.xcconfig; name = "Pods-WeatherBrick.release.xcconfig"; path = "Target Support Files/Pods-WeatherBrick/Pods-WeatherBrick.release.xcconfig"; sourceTree = "<group>"; };
		4015FC6E71E560E46514B7CE /* Pods-WeatherBrick-WeatherBrickUITests.debug.xcconfig */ = {isa = PBXFileReference; includeInIndex = 1; lastKnownFileType = text.xcconfig; name = "Pods-WeatherBrick-WeatherBrickUITests.debug.xcconfig"; path = "Target Support Files/Pods-WeatherBrick-WeatherBrickUITests/Pods-WeatherBrick-WeatherBrickUITests.debug.xcconfig"; sourceTree = "<group>"; };
		420984B3707684E9D04F822F /* Pods_WeatherBrick_WeatherBrickUITests.framework */ = {isa = PBXFileReference; explicitFileType = wrapper.framework; includeInIndex = 0; path = Pods_WeatherBrick_WeatherBrickUITests.framework; sourceTree = BUILT_PRODUCTS_DIR; };
		4A3629AE39AA2D5F9726B8AE /* Pods_WeatherBrickTests.framework */ = {isa = PBXFileReference; explicitFileType = wrapper.framework; includeInIndex = 0; path = Pods_WeatherBrickTests.framework; sourceTree = BUILT_PRODUCTS_DIR; };
		781237299C3D9E72A14E9A91 /* Pods-WeatherBrick.debug.xcconfig */ = {isa = PBXFileReference; includeInIndex = 1; lastKnownFileType = text.xcconfig; name = "Pods-WeatherBrick.debug.xcconfig"; path = "Target Support Files/Pods-WeatherBrick/Pods-WeatherBrick.debug.xcconfig"; sourceTree = "<group>"; };
		92429A3B277CC02300A57CCD /* exampleBrick.swift */ = {isa = PBXFileReference; lastKnownFileType = sourcecode.swift; path = exampleBrick.swift; sourceTree = "<group>"; };
		9264E770277A299A00506375 /* ModalViewController.swift */ = {isa = PBXFileReference; lastKnownFileType = sourcecode.swift; path = ModalViewController.swift; sourceTree = "<group>"; };
		9264E772277A29B900506375 /* Colors.swift */ = {isa = PBXFileReference; lastKnownFileType = sourcecode.swift; path = Colors.swift; sourceTree = "<group>"; };
		9264E774277A29D700506375 /* Gradient.swift */ = {isa = PBXFileReference; lastKnownFileType = sourcecode.swift; path = Gradient.swift; sourceTree = "<group>"; };
		96AF8A91A5D8D0B40EF285F7 /* Pods-WeatherBrick-WeatherBrickUITests.release.xcconfig */ = {isa = PBXFileReference; includeInIndex = 1; lastKnownFileType = text.xcconfig; name = "Pods-WeatherBrick-WeatherBrickUITests.release.xcconfig"; path = "Target Support Files/Pods-WeatherBrick-WeatherBrickUITests/Pods-WeatherBrick-WeatherBrickUITests.release.xcconfig"; sourceTree = "<group>"; };
		A3475EFB273305F200BF5E86 /* WeatherBrick.app */ = {isa = PBXFileReference; explicitFileType = wrapper.application; includeInIndex = 0; path = WeatherBrick.app; sourceTree = BUILT_PRODUCTS_DIR; };
		A3475EFE273305F200BF5E86 /* AppDelegate.swift */ = {isa = PBXFileReference; lastKnownFileType = sourcecode.swift; path = AppDelegate.swift; sourceTree = "<group>"; };
		A3475F00273305F200BF5E86 /* ViewController.swift */ = {isa = PBXFileReference; lastKnownFileType = sourcecode.swift; path = ViewController.swift; sourceTree = "<group>"; };
		A3475F03273305F200BF5E86 /* Base */ = {isa = PBXFileReference; lastKnownFileType = file.storyboard; name = Base; path = Base.lproj/Main.storyboard; sourceTree = "<group>"; };
		A3475F05273305F400BF5E86 /* Assets.xcassets */ = {isa = PBXFileReference; lastKnownFileType = folder.assetcatalog; path = Assets.xcassets; sourceTree = "<group>"; };
		A3475F08273305F400BF5E86 /* Base */ = {isa = PBXFileReference; lastKnownFileType = file.storyboard; name = Base; path = Base.lproj/LaunchScreen.storyboard; sourceTree = "<group>"; };
		A3475F0A273305F400BF5E86 /* Info.plist */ = {isa = PBXFileReference; lastKnownFileType = text.plist.xml; path = Info.plist; sourceTree = "<group>"; };
		A3475F0F273305F400BF5E86 /* WeatherBrickTests.xctest */ = {isa = PBXFileReference; explicitFileType = wrapper.cfbundle; includeInIndex = 0; path = WeatherBrickTests.xctest; sourceTree = BUILT_PRODUCTS_DIR; };
		A3475F13273305F400BF5E86 /* WeatherBrickTests.swift */ = {isa = PBXFileReference; lastKnownFileType = sourcecode.swift; path = WeatherBrickTests.swift; sourceTree = "<group>"; };
		A3475F15273305F400BF5E86 /* Info.plist */ = {isa = PBXFileReference; lastKnownFileType = text.plist.xml; path = Info.plist; sourceTree = "<group>"; };
		A3475F1A273305F400BF5E86 /* WeatherBrickUITests.xctest */ = {isa = PBXFileReference; explicitFileType = wrapper.cfbundle; includeInIndex = 0; path = WeatherBrickUITests.xctest; sourceTree = BUILT_PRODUCTS_DIR; };
		A3475F1E273305F400BF5E86 /* WeatherBrickUITests.swift */ = {isa = PBXFileReference; lastKnownFileType = sourcecode.swift; path = WeatherBrickUITests.swift; sourceTree = "<group>"; };
		A3475F20273305F400BF5E86 /* Info.plist */ = {isa = PBXFileReference; lastKnownFileType = text.plist.xml; path = Info.plist; sourceTree = "<group>"; };
		A3ACF2E0273847B000CEE97C /* SF-Pro-Display-Light.otf */ = {isa = PBXFileReference; lastKnownFileType = file; path = "SF-Pro-Display-Light.otf"; sourceTree = "<group>"; };
		A3ACF2E2273847B800CEE97C /* SF-Pro-Display-Semibold.otf */ = {isa = PBXFileReference; lastKnownFileType = file; path = "SF-Pro-Display-Semibold.otf"; sourceTree = "<group>"; };
		A3ACF2E627384B9800CEE97C /* Localizable.strings */ = {isa = PBXFileReference; lastKnownFileType = text.plist.strings; path = Localizable.strings; sourceTree = "<group>"; };
		DA08B8830EB027C06BC70A63 /* Pods-WeatherBrickTests.debug.xcconfig */ = {isa = PBXFileReference; includeInIndex = 1; lastKnownFileType = text.xcconfig; name = "Pods-WeatherBrickTests.debug.xcconfig"; path = "Target Support Files/Pods-WeatherBrickTests/Pods-WeatherBrickTests.debug.xcconfig"; sourceTree = "<group>"; };
/* End PBXFileReference section */

/* Begin PBXFrameworksBuildPhase section */
		A3475EF8273305F200BF5E86 /* Frameworks */ = {
			isa = PBXFrameworksBuildPhase;
			buildActionMask = 2147483647;
			files = (
				6AE497725943DE2D772D808B /* Pods_WeatherBrick.framework in Frameworks */,
			);
			runOnlyForDeploymentPostprocessing = 0;
		};
		A3475F0C273305F400BF5E86 /* Frameworks */ = {
			isa = PBXFrameworksBuildPhase;
			buildActionMask = 2147483647;
			files = (
				067B7C3308C089C4B0A9FD03 /* Pods_WeatherBrickTests.framework in Frameworks */,
			);
			runOnlyForDeploymentPostprocessing = 0;
		};
		A3475F17273305F400BF5E86 /* Frameworks */ = {
			isa = PBXFrameworksBuildPhase;
			buildActionMask = 2147483647;
			files = (
				078C5A461487B5025248FC65 /* Pods_WeatherBrick_WeatherBrickUITests.framework in Frameworks */,
			);
			runOnlyForDeploymentPostprocessing = 0;
		};
/* End PBXFrameworksBuildPhase section */

/* Begin PBXGroup section */
		7BB4B2B9E18106A8DBBCB6E2 /* Frameworks */ = {
			isa = PBXGroup;
			children = (
				0DE9B0AEEB274D2060C91604 /* Pods_WeatherBrick.framework */,
				420984B3707684E9D04F822F /* Pods_WeatherBrick_WeatherBrickUITests.framework */,
				4A3629AE39AA2D5F9726B8AE /* Pods_WeatherBrickTests.framework */,
			);
			name = Frameworks;
			sourceTree = "<group>";
		};
		92429A3D277DD56F00A57CCD /* Controller */ = {
			isa = PBXGroup;
			children = (
				9264E770277A299A00506375 /* ModalViewController.swift */,
				A3475F00273305F200BF5E86 /* ViewController.swift */,
			);
			path = Controller;
			sourceTree = "<group>";
		};
		A3475EF2273305F200BF5E86 = {
			isa = PBXGroup;
			children = (
				A3475EFD273305F200BF5E86 /* WeatherBrick */,
				A3475F12273305F400BF5E86 /* WeatherBrickTests */,
				A3475F1D273305F400BF5E86 /* WeatherBrickUITests */,
				A3475EFC273305F200BF5E86 /* Products */,
				FA10FD2ED2EC08076C566DA4 /* Pods */,
				7BB4B2B9E18106A8DBBCB6E2 /* Frameworks */,
			);
			sourceTree = "<group>";
		};
		A3475EFC273305F200BF5E86 /* Products */ = {
			isa = PBXGroup;
			children = (
				A3475EFB273305F200BF5E86 /* WeatherBrick.app */,
				A3475F0F273305F400BF5E86 /* WeatherBrickTests.xctest */,
				A3475F1A273305F400BF5E86 /* WeatherBrickUITests.xctest */,
			);
			name = Products;
			sourceTree = "<group>";
		};
		A3475EFD273305F200BF5E86 /* WeatherBrick */ = {
			isa = PBXGroup;
			children = (
				92429A3D277DD56F00A57CCD /* Controller */,
				9264E774277A29D700506375 /* Gradient.swift */,
				9264E772277A29B900506375 /* Colors.swift */,
				A3475F02273305F200BF5E86 /* Main.storyboard */,
				92429A3B277CC02300A57CCD /* exampleBrick.swift */,
				A3ACF2E4273847C600CEE97C /* Resources */,
				A3ACF2DE27383B7400CEE97C /* Supporting Files */,
			);
			path = WeatherBrick;
			sourceTree = "<group>";
		};
		A3475F12273305F400BF5E86 /* WeatherBrickTests */ = {
			isa = PBXGroup;
			children = (
				A3475F13273305F400BF5E86 /* WeatherBrickTests.swift */,
				A3475F15273305F400BF5E86 /* Info.plist */,
			);
			path = WeatherBrickTests;
			sourceTree = "<group>";
		};
		A3475F1D273305F400BF5E86 /* WeatherBrickUITests */ = {
			isa = PBXGroup;
			children = (
				A3475F1E273305F400BF5E86 /* WeatherBrickUITests.swift */,
				A3475F20273305F400BF5E86 /* Info.plist */,
			);
			path = WeatherBrickUITests;
			sourceTree = "<group>";
		};
		A3ACF2DE27383B7400CEE97C /* Supporting Files */ = {
			isa = PBXGroup;
			children = (
				A3475EFE273305F200BF5E86 /* AppDelegate.swift */,
				A3475F07273305F400BF5E86 /* LaunchScreen.storyboard */,
				A3475F0A273305F400BF5E86 /* Info.plist */,
			);
			name = "Supporting Files";
			sourceTree = "<group>";
		};
		A3ACF2DF2738479300CEE97C /* Fonts */ = {
			isa = PBXGroup;
			children = (
				A3ACF2E0273847B000CEE97C /* SF-Pro-Display-Light.otf */,
				A3ACF2E2273847B800CEE97C /* SF-Pro-Display-Semibold.otf */,
			);
			path = Fonts;
			sourceTree = "<group>";
		};
		A3ACF2E4273847C600CEE97C /* Resources */ = {
			isa = PBXGroup;
			children = (
				A3475F05273305F400BF5E86 /* Assets.xcassets */,
				A3ACF2DF2738479300CEE97C /* Fonts */,
				A3ACF2E627384B9800CEE97C /* Localizable.strings */,
			);
			name = Resources;
			sourceTree = "<group>";
		};
		FA10FD2ED2EC08076C566DA4 /* Pods */ = {
			isa = PBXGroup;
			children = (
				781237299C3D9E72A14E9A91 /* Pods-WeatherBrick.debug.xcconfig */,
				1DD5B85118E9BF9C9F1AB161 /* Pods-WeatherBrick.release.xcconfig */,
				4015FC6E71E560E46514B7CE /* Pods-WeatherBrick-WeatherBrickUITests.debug.xcconfig */,
				96AF8A91A5D8D0B40EF285F7 /* Pods-WeatherBrick-WeatherBrickUITests.release.xcconfig */,
				DA08B8830EB027C06BC70A63 /* Pods-WeatherBrickTests.debug.xcconfig */,
				059DC68A61B4462A48A259C4 /* Pods-WeatherBrickTests.release.xcconfig */,
			);
			path = Pods;
			sourceTree = "<group>";
		};
/* End PBXGroup section */

/* Begin PBXNativeTarget section */
		A3475EFA273305F200BF5E86 /* WeatherBrick */ = {
			isa = PBXNativeTarget;
			buildConfigurationList = A3475F23273305F400BF5E86 /* Build configuration list for PBXNativeTarget "WeatherBrick" */;
			buildPhases = (
				718551CEF2AA49018C0843E7 /* [CP] Check Pods Manifest.lock */,
				A3ACF2E5273848AB00CEE97C /* SwiftLint */,
				A3475EF7273305F200BF5E86 /* Sources */,
				A3475EF8273305F200BF5E86 /* Frameworks */,
				A3475EF9273305F200BF5E86 /* Resources */,
				1CE68FAFAA0A2F84B15AA479 /* [CP] Embed Pods Frameworks */,
			);
			buildRules = (
			);
			dependencies = (
			);
			name = WeatherBrick;
			productName = WeatherBrick;
			productReference = A3475EFB273305F200BF5E86 /* WeatherBrick.app */;
			productType = "com.apple.product-type.application";
		};
		A3475F0E273305F400BF5E86 /* WeatherBrickTests */ = {
			isa = PBXNativeTarget;
			buildConfigurationList = A3475F26273305F400BF5E86 /* Build configuration list for PBXNativeTarget "WeatherBrickTests" */;
			buildPhases = (
				A70AE364CE27284ADA507B71 /* [CP] Check Pods Manifest.lock */,
				A3475F0B273305F400BF5E86 /* Sources */,
				A3475F0C273305F400BF5E86 /* Frameworks */,
				A3475F0D273305F400BF5E86 /* Resources */,
			);
			buildRules = (
			);
			dependencies = (
				A3475F11273305F400BF5E86 /* PBXTargetDependency */,
			);
			name = WeatherBrickTests;
			productName = WeatherBrickTests;
			productReference = A3475F0F273305F400BF5E86 /* WeatherBrickTests.xctest */;
			productType = "com.apple.product-type.bundle.unit-test";
		};
		A3475F19273305F400BF5E86 /* WeatherBrickUITests */ = {
			isa = PBXNativeTarget;
			buildConfigurationList = A3475F29273305F400BF5E86 /* Build configuration list for PBXNativeTarget "WeatherBrickUITests" */;
			buildPhases = (
				685772B169B33E8F98B762D4 /* [CP] Check Pods Manifest.lock */,
				A3475F16273305F400BF5E86 /* Sources */,
				A3475F17273305F400BF5E86 /* Frameworks */,
				A3475F18273305F400BF5E86 /* Resources */,
				97994670E1FA718405E1D0FD /* [CP] Embed Pods Frameworks */,
			);
			buildRules = (
			);
			dependencies = (
				A3475F1C273305F400BF5E86 /* PBXTargetDependency */,
			);
			name = WeatherBrickUITests;
			productName = WeatherBrickUITests;
			productReference = A3475F1A273305F400BF5E86 /* WeatherBrickUITests.xctest */;
			productType = "com.apple.product-type.bundle.ui-testing";
		};
/* End PBXNativeTarget section */

/* Begin PBXProject section */
		A3475EF3273305F200BF5E86 /* Project object */ = {
			isa = PBXProject;
			attributes = {
				LastSwiftUpdateCheck = 0940;
				LastUpgradeCheck = 0940;
				ORGANIZATIONNAME = VAndrJ;
				TargetAttributes = {
					A3475EFA273305F200BF5E86 = {
						CreatedOnToolsVersion = 9.4.1;
					};
					A3475F0E273305F400BF5E86 = {
						CreatedOnToolsVersion = 9.4.1;
						TestTargetID = A3475EFA273305F200BF5E86;
					};
					A3475F19273305F400BF5E86 = {
						CreatedOnToolsVersion = 9.4.1;
						TestTargetID = A3475EFA273305F200BF5E86;
					};
				};
			};
			buildConfigurationList = A3475EF6273305F200BF5E86 /* Build configuration list for PBXProject "WeatherBrick" */;
			compatibilityVersion = "Xcode 9.3";
			developmentRegion = en;
			hasScannedForEncodings = 0;
			knownRegions = (
				en,
				Base,
			);
			mainGroup = A3475EF2273305F200BF5E86;
			productRefGroup = A3475EFC273305F200BF5E86 /* Products */;
			projectDirPath = "";
			projectRoot = "";
			targets = (
				A3475EFA273305F200BF5E86 /* WeatherBrick */,
				A3475F0E273305F400BF5E86 /* WeatherBrickTests */,
				A3475F19273305F400BF5E86 /* WeatherBrickUITests */,
			);
		};
/* End PBXProject section */

/* Begin PBXResourcesBuildPhase section */
		A3475EF9273305F200BF5E86 /* Resources */ = {
			isa = PBXResourcesBuildPhase;
			buildActionMask = 2147483647;
			files = (
				A3475F09273305F400BF5E86 /* LaunchScreen.storyboard in Resources */,
				A3ACF2E727384B9800CEE97C /* Localizable.strings in Resources */,
				A3475F06273305F400BF5E86 /* Assets.xcassets in Resources */,
				A3ACF2E3273847B800CEE97C /* SF-Pro-Display-Semibold.otf in Resources */,
				A3ACF2E1273847B000CEE97C /* SF-Pro-Display-Light.otf in Resources */,
				A3475F04273305F200BF5E86 /* Main.storyboard in Resources */,
			);
			runOnlyForDeploymentPostprocessing = 0;
		};
		A3475F0D273305F400BF5E86 /* Resources */ = {
			isa = PBXResourcesBuildPhase;
			buildActionMask = 2147483647;
			files = (
			);
			runOnlyForDeploymentPostprocessing = 0;
		};
		A3475F18273305F400BF5E86 /* Resources */ = {
			isa = PBXResourcesBuildPhase;
			buildActionMask = 2147483647;
			files = (
			);
			runOnlyForDeploymentPostprocessing = 0;
		};
/* End PBXResourcesBuildPhase section */

/* Begin PBXShellScriptBuildPhase section */
		1CE68FAFAA0A2F84B15AA479 /* [CP] Embed Pods Frameworks */ = {
			isa = PBXShellScriptBuildPhase;
			buildActionMask = 2147483647;
			files = (
			);
			inputFileListPaths = (
				"${PODS_ROOT}/Target Support Files/Pods-WeatherBrick/Pods-WeatherBrick-frameworks-${CONFIGURATION}-input-files.xcfilelist",
			);
			name = "[CP] Embed Pods Frameworks";
			outputFileListPaths = (
				"${PODS_ROOT}/Target Support Files/Pods-WeatherBrick/Pods-WeatherBrick-frameworks-${CONFIGURATION}-output-files.xcfilelist",
			);
			runOnlyForDeploymentPostprocessing = 0;
			shellPath = /bin/sh;
			shellScript = "\"${PODS_ROOT}/Target Support Files/Pods-WeatherBrick/Pods-WeatherBrick-frameworks.sh\"\n";
			showEnvVarsInLog = 0;
		};
		685772B169B33E8F98B762D4 /* [CP] Check Pods Manifest.lock */ = {
			isa = PBXShellScriptBuildPhase;
			buildActionMask = 2147483647;
			files = (
			);
			inputFileListPaths = (
			);
			inputPaths = (
				"${PODS_PODFILE_DIR_PATH}/Podfile.lock",
				"${PODS_ROOT}/Manifest.lock",
			);
			name = "[CP] Check Pods Manifest.lock";
			outputFileListPaths = (
			);
			outputPaths = (
				"$(DERIVED_FILE_DIR)/Pods-WeatherBrick-WeatherBrickUITests-checkManifestLockResult.txt",
			);
			runOnlyForDeploymentPostprocessing = 0;
			shellPath = /bin/sh;
			shellScript = "diff \"${PODS_PODFILE_DIR_PATH}/Podfile.lock\" \"${PODS_ROOT}/Manifest.lock\" > /dev/null\nif [ $? != 0 ] ; then\n    # print error to STDERR\n    echo \"error: The sandbox is not in sync with the Podfile.lock. Run 'pod install' or update your CocoaPods installation.\" >&2\n    exit 1\nfi\n# This output is used by Xcode 'outputs' to avoid re-running this script phase.\necho \"SUCCESS\" > \"${SCRIPT_OUTPUT_FILE_0}\"\n";
			showEnvVarsInLog = 0;
		};
		718551CEF2AA49018C0843E7 /* [CP] Check Pods Manifest.lock */ = {
			isa = PBXShellScriptBuildPhase;
			buildActionMask = 2147483647;
			files = (
			);
			inputFileListPaths = (
			);
			inputPaths = (
				"${PODS_PODFILE_DIR_PATH}/Podfile.lock",
				"${PODS_ROOT}/Manifest.lock",
			);
			name = "[CP] Check Pods Manifest.lock";
			outputFileListPaths = (
			);
			outputPaths = (
				"$(DERIVED_FILE_DIR)/Pods-WeatherBrick-checkManifestLockResult.txt",
			);
			runOnlyForDeploymentPostprocessing = 0;
			shellPath = /bin/sh;
			shellScript = "diff \"${PODS_PODFILE_DIR_PATH}/Podfile.lock\" \"${PODS_ROOT}/Manifest.lock\" > /dev/null\nif [ $? != 0 ] ; then\n    # print error to STDERR\n    echo \"error: The sandbox is not in sync with the Podfile.lock. Run 'pod install' or update your CocoaPods installation.\" >&2\n    exit 1\nfi\n# This output is used by Xcode 'outputs' to avoid re-running this script phase.\necho \"SUCCESS\" > \"${SCRIPT_OUTPUT_FILE_0}\"\n";
			showEnvVarsInLog = 0;
		};
		97994670E1FA718405E1D0FD /* [CP] Embed Pods Frameworks */ = {
			isa = PBXShellScriptBuildPhase;
			buildActionMask = 2147483647;
			files = (
			);
			inputFileListPaths = (
				"${PODS_ROOT}/Target Support Files/Pods-WeatherBrick-WeatherBrickUITests/Pods-WeatherBrick-WeatherBrickUITests-frameworks-${CONFIGURATION}-input-files.xcfilelist",
			);
			name = "[CP] Embed Pods Frameworks";
			outputFileListPaths = (
				"${PODS_ROOT}/Target Support Files/Pods-WeatherBrick-WeatherBrickUITests/Pods-WeatherBrick-WeatherBrickUITests-frameworks-${CONFIGURATION}-output-files.xcfilelist",
			);
			runOnlyForDeploymentPostprocessing = 0;
			shellPath = /bin/sh;
			shellScript = "\"${PODS_ROOT}/Target Support Files/Pods-WeatherBrick-WeatherBrickUITests/Pods-WeatherBrick-WeatherBrickUITests-frameworks.sh\"\n";
			showEnvVarsInLog = 0;
		};
		A3ACF2E5273848AB00CEE97C /* SwiftLint */ = {
			isa = PBXShellScriptBuildPhase;
			buildActionMask = 2147483647;
			files = (
			);
			inputFileListPaths = (
			);
			inputPaths = (
			);
			name = SwiftLint;
			outputFileListPaths = (
			);
			outputPaths = (
			);
			runOnlyForDeploymentPostprocessing = 0;
			shellPath = /bin/sh;
			shellScript = "export PATH=\"$PATH:/opt/homebrew/bin\"\n\nif which swiftlint >/dev/null; then\n  swiftlint\nelse\n  echo \"warning: SwiftLint not installed, download from https://github.com/realm/SwiftLint\"\nfi\n";
		};
		A70AE364CE27284ADA507B71 /* [CP] Check Pods Manifest.lock */ = {
			isa = PBXShellScriptBuildPhase;
			buildActionMask = 2147483647;
			files = (
			);
			inputFileListPaths = (
			);
			inputPaths = (
				"${PODS_PODFILE_DIR_PATH}/Podfile.lock",
				"${PODS_ROOT}/Manifest.lock",
			);
			name = "[CP] Check Pods Manifest.lock";
			outputFileListPaths = (
			);
			outputPaths = (
				"$(DERIVED_FILE_DIR)/Pods-WeatherBrickTests-checkManifestLockResult.txt",
			);
			runOnlyForDeploymentPostprocessing = 0;
			shellPath = /bin/sh;
			shellScript = "diff \"${PODS_PODFILE_DIR_PATH}/Podfile.lock\" \"${PODS_ROOT}/Manifest.lock\" > /dev/null\nif [ $? != 0 ] ; then\n    # print error to STDERR\n    echo \"error: The sandbox is not in sync with the Podfile.lock. Run 'pod install' or update your CocoaPods installation.\" >&2\n    exit 1\nfi\n# This output is used by Xcode 'outputs' to avoid re-running this script phase.\necho \"SUCCESS\" > \"${SCRIPT_OUTPUT_FILE_0}\"\n";
			showEnvVarsInLog = 0;
		};
/* End PBXShellScriptBuildPhase section */

/* Begin PBXSourcesBuildPhase section */
		A3475EF7273305F200BF5E86 /* Sources */ = {
			isa = PBXSourcesBuildPhase;
			buildActionMask = 2147483647;
			files = (
				A3475F01273305F200BF5E86 /* ViewController.swift in Sources */,
				9264E775277A29D700506375 /* Gradient.swift in Sources */,
				9264E773277A29B900506375 /* Colors.swift in Sources */,
				9264E771277A299A00506375 /* ModalViewController.swift in Sources */,
				92429A3C277CC02300A57CCD /* exampleBrick.swift in Sources */,
				A3475EFF273305F200BF5E86 /* AppDelegate.swift in Sources */,
			);
			runOnlyForDeploymentPostprocessing = 0;
		};
		A3475F0B273305F400BF5E86 /* Sources */ = {
			isa = PBXSourcesBuildPhase;
			buildActionMask = 2147483647;
			files = (
				A3475F14273305F400BF5E86 /* WeatherBrickTests.swift in Sources */,
			);
			runOnlyForDeploymentPostprocessing = 0;
		};
		A3475F16273305F400BF5E86 /* Sources */ = {
			isa = PBXSourcesBuildPhase;
			buildActionMask = 2147483647;
			files = (
				A3475F1F273305F400BF5E86 /* WeatherBrickUITests.swift in Sources */,
			);
			runOnlyForDeploymentPostprocessing = 0;
		};
/* End PBXSourcesBuildPhase section */

/* Begin PBXTargetDependency section */
		A3475F11273305F400BF5E86 /* PBXTargetDependency */ = {
			isa = PBXTargetDependency;
			target = A3475EFA273305F200BF5E86 /* WeatherBrick */;
			targetProxy = A3475F10273305F400BF5E86 /* PBXContainerItemProxy */;
		};
		A3475F1C273305F400BF5E86 /* PBXTargetDependency */ = {
			isa = PBXTargetDependency;
			target = A3475EFA273305F200BF5E86 /* WeatherBrick */;
			targetProxy = A3475F1B273305F400BF5E86 /* PBXContainerItemProxy */;
		};
/* End PBXTargetDependency section */

/* Begin PBXVariantGroup section */
		A3475F02273305F200BF5E86 /* Main.storyboard */ = {
			isa = PBXVariantGroup;
			children = (
				A3475F03273305F200BF5E86 /* Base */,
			);
			name = Main.storyboard;
			sourceTree = "<group>";
		};
		A3475F07273305F400BF5E86 /* LaunchScreen.storyboard */ = {
			isa = PBXVariantGroup;
			children = (
				A3475F08273305F400BF5E86 /* Base */,
			);
			name = LaunchScreen.storyboard;
			sourceTree = "<group>";
		};
/* End PBXVariantGroup section */

/* Begin XCBuildConfiguration section */
		A3475F21273305F400BF5E86 /* Debug */ = {
			isa = XCBuildConfiguration;
			buildSettings = {
				ALWAYS_SEARCH_USER_PATHS = NO;
				CLANG_ANALYZER_NONNULL = YES;
				CLANG_ANALYZER_NUMBER_OBJECT_CONVERSION = YES_AGGRESSIVE;
				CLANG_CXX_LANGUAGE_STANDARD = "gnu++14";
				CLANG_CXX_LIBRARY = "libc++";
				CLANG_ENABLE_MODULES = YES;
				CLANG_ENABLE_OBJC_ARC = YES;
				CLANG_ENABLE_OBJC_WEAK = YES;
				CLANG_WARN_BLOCK_CAPTURE_AUTORELEASING = YES;
				CLANG_WARN_BOOL_CONVERSION = YES;
				CLANG_WARN_COMMA = YES;
				CLANG_WARN_CONSTANT_CONVERSION = YES;
				CLANG_WARN_DEPRECATED_OBJC_IMPLEMENTATIONS = YES;
				CLANG_WARN_DIRECT_OBJC_ISA_USAGE = YES_ERROR;
				CLANG_WARN_DOCUMENTATION_COMMENTS = YES;
				CLANG_WARN_EMPTY_BODY = YES;
				CLANG_WARN_ENUM_CONVERSION = YES;
				CLANG_WARN_INFINITE_RECURSION = YES;
				CLANG_WARN_INT_CONVERSION = YES;
				CLANG_WARN_NON_LITERAL_NULL_CONVERSION = YES;
				CLANG_WARN_OBJC_IMPLICIT_RETAIN_SELF = YES;
				CLANG_WARN_OBJC_LITERAL_CONVERSION = YES;
				CLANG_WARN_OBJC_ROOT_CLASS = YES_ERROR;
				CLANG_WARN_RANGE_LOOP_ANALYSIS = YES;
				CLANG_WARN_STRICT_PROTOTYPES = YES;
				CLANG_WARN_SUSPICIOUS_MOVE = YES;
				CLANG_WARN_UNGUARDED_AVAILABILITY = YES_AGGRESSIVE;
				CLANG_WARN_UNREACHABLE_CODE = YES;
				CLANG_WARN__DUPLICATE_METHOD_MATCH = YES;
				CODE_SIGN_IDENTITY = "iPhone Developer";
				COPY_PHASE_STRIP = NO;
				DEBUG_INFORMATION_FORMAT = dwarf;
				ENABLE_STRICT_OBJC_MSGSEND = YES;
				ENABLE_TESTABILITY = YES;
				GCC_C_LANGUAGE_STANDARD = gnu11;
				GCC_DYNAMIC_NO_PIC = NO;
				GCC_NO_COMMON_BLOCKS = YES;
				GCC_OPTIMIZATION_LEVEL = 0;
				GCC_PREPROCESSOR_DEFINITIONS = (
					"DEBUG=1",
					"$(inherited)",
				);
				GCC_WARN_64_TO_32_BIT_CONVERSION = YES;
				GCC_WARN_ABOUT_RETURN_TYPE = YES_ERROR;
				GCC_WARN_UNDECLARED_SELECTOR = YES;
				GCC_WARN_UNINITIALIZED_AUTOS = YES_AGGRESSIVE;
				GCC_WARN_UNUSED_FUNCTION = YES;
				GCC_WARN_UNUSED_VARIABLE = YES;
				IPHONEOS_DEPLOYMENT_TARGET = 12.0;
				MTL_ENABLE_DEBUG_INFO = YES;
				ONLY_ACTIVE_ARCH = YES;
				SDKROOT = iphoneos;
				SWIFT_ACTIVE_COMPILATION_CONDITIONS = DEBUG;
				SWIFT_OPTIMIZATION_LEVEL = "-Onone";
			};
			name = Debug;
		};
		A3475F22273305F400BF5E86 /* Release */ = {
			isa = XCBuildConfiguration;
			buildSettings = {
				ALWAYS_SEARCH_USER_PATHS = NO;
				CLANG_ANALYZER_NONNULL = YES;
				CLANG_ANALYZER_NUMBER_OBJECT_CONVERSION = YES_AGGRESSIVE;
				CLANG_CXX_LANGUAGE_STANDARD = "gnu++14";
				CLANG_CXX_LIBRARY = "libc++";
				CLANG_ENABLE_MODULES = YES;
				CLANG_ENABLE_OBJC_ARC = YES;
				CLANG_ENABLE_OBJC_WEAK = YES;
				CLANG_WARN_BLOCK_CAPTURE_AUTORELEASING = YES;
				CLANG_WARN_BOOL_CONVERSION = YES;
				CLANG_WARN_COMMA = YES;
				CLANG_WARN_CONSTANT_CONVERSION = YES;
				CLANG_WARN_DEPRECATED_OBJC_IMPLEMENTATIONS = YES;
				CLANG_WARN_DIRECT_OBJC_ISA_USAGE = YES_ERROR;
				CLANG_WARN_DOCUMENTATION_COMMENTS = YES;
				CLANG_WARN_EMPTY_BODY = YES;
				CLANG_WARN_ENUM_CONVERSION = YES;
				CLANG_WARN_INFINITE_RECURSION = YES;
				CLANG_WARN_INT_CONVERSION = YES;
				CLANG_WARN_NON_LITERAL_NULL_CONVERSION = YES;
				CLANG_WARN_OBJC_IMPLICIT_RETAIN_SELF = YES;
				CLANG_WARN_OBJC_LITERAL_CONVERSION = YES;
				CLANG_WARN_OBJC_ROOT_CLASS = YES_ERROR;
				CLANG_WARN_RANGE_LOOP_ANALYSIS = YES;
				CLANG_WARN_STRICT_PROTOTYPES = YES;
				CLANG_WARN_SUSPICIOUS_MOVE = YES;
				CLANG_WARN_UNGUARDED_AVAILABILITY = YES_AGGRESSIVE;
				CLANG_WARN_UNREACHABLE_CODE = YES;
				CLANG_WARN__DUPLICATE_METHOD_MATCH = YES;
				CODE_SIGN_IDENTITY = "iPhone Developer";
				COPY_PHASE_STRIP = NO;
				DEBUG_INFORMATION_FORMAT = "dwarf-with-dsym";
				ENABLE_NS_ASSERTIONS = NO;
				ENABLE_STRICT_OBJC_MSGSEND = YES;
				GCC_C_LANGUAGE_STANDARD = gnu11;
				GCC_NO_COMMON_BLOCKS = YES;
				GCC_WARN_64_TO_32_BIT_CONVERSION = YES;
				GCC_WARN_ABOUT_RETURN_TYPE = YES_ERROR;
				GCC_WARN_UNDECLARED_SELECTOR = YES;
				GCC_WARN_UNINITIALIZED_AUTOS = YES_AGGRESSIVE;
				GCC_WARN_UNUSED_FUNCTION = YES;
				GCC_WARN_UNUSED_VARIABLE = YES;
				IPHONEOS_DEPLOYMENT_TARGET = 12.0;
				MTL_ENABLE_DEBUG_INFO = NO;
				SDKROOT = iphoneos;
				SWIFT_COMPILATION_MODE = wholemodule;
				SWIFT_OPTIMIZATION_LEVEL = "-O";
				VALIDATE_PRODUCT = YES;
			};
			name = Release;
		};
		A3475F24273305F400BF5E86 /* Debug */ = {
			isa = XCBuildConfiguration;
			baseConfigurationReference = 781237299C3D9E72A14E9A91 /* Pods-WeatherBrick.debug.xcconfig */;
			buildSettings = {
				ASSETCATALOG_COMPILER_APPICON_NAME = AppIcon;
				CODE_SIGN_STYLE = Automatic;
				INFOPLIST_FILE = WeatherBrick/Info.plist;
				IPHONEOS_DEPLOYMENT_TARGET = 12.0;
				LD_RUNPATH_SEARCH_PATHS = (
					"$(inherited)",
					"@executable_path/Frameworks",
				);
				PRODUCT_BUNDLE_IDENTIFIER = com.vandrj.WeatherBrick;
				PRODUCT_NAME = "$(TARGET_NAME)";
				SWIFT_VERSION = 4.0;
				TARGETED_DEVICE_FAMILY = 1;
			};
			name = Debug;
		};
		A3475F25273305F400BF5E86 /* Release */ = {
			isa = XCBuildConfiguration;
			baseConfigurationReference = 1DD5B85118E9BF9C9F1AB161 /* Pods-WeatherBrick.release.xcconfig */;
			buildSettings = {
				ASSETCATALOG_COMPILER_APPICON_NAME = AppIcon;
				CODE_SIGN_STYLE = Automatic;
				INFOPLIST_FILE = WeatherBrick/Info.plist;
				IPHONEOS_DEPLOYMENT_TARGET = 12.0;
				LD_RUNPATH_SEARCH_PATHS = (
					"$(inherited)",
					"@executable_path/Frameworks",
				);
				PRODUCT_BUNDLE_IDENTIFIER = com.vandrj.WeatherBrick;
				PRODUCT_NAME = "$(TARGET_NAME)";
				SWIFT_VERSION = 4.0;
				TARGETED_DEVICE_FAMILY = 1;
			};
			name = Release;
		};
		A3475F27273305F400BF5E86 /* Debug */ = {
			isa = XCBuildConfiguration;
			baseConfigurationReference = DA08B8830EB027C06BC70A63 /* Pods-WeatherBrickTests.debug.xcconfig */;
			buildSettings = {
				ALWAYS_EMBED_SWIFT_STANDARD_LIBRARIES = YES;
				BUNDLE_LOADER = "$(TEST_HOST)";
				CODE_SIGN_STYLE = Automatic;
				INFOPLIST_FILE = WeatherBrickTests/Info.plist;
				LD_RUNPATH_SEARCH_PATHS = (
					"$(inherited)",
					"@executable_path/Frameworks",
					"@loader_path/Frameworks",
				);
				PRODUCT_BUNDLE_IDENTIFIER = com.vandrj.WeatherBrickTests;
				PRODUCT_NAME = "$(TARGET_NAME)";
				SWIFT_VERSION = 4.0;
				TARGETED_DEVICE_FAMILY = "1,2";
				TEST_HOST = "$(BUILT_PRODUCTS_DIR)/WeatherBrick.app/WeatherBrick";
			};
			name = Debug;
		};
		A3475F28273305F400BF5E86 /* Release */ = {
			isa = XCBuildConfiguration;
			baseConfigurationReference = 059DC68A61B4462A48A259C4 /* Pods-WeatherBrickTests.release.xcconfig */;
			buildSettings = {
				ALWAYS_EMBED_SWIFT_STANDARD_LIBRARIES = YES;
				BUNDLE_LOADER = "$(TEST_HOST)";
				CODE_SIGN_STYLE = Automatic;
				INFOPLIST_FILE = WeatherBrickTests/Info.plist;
				LD_RUNPATH_SEARCH_PATHS = (
					"$(inherited)",
					"@executable_path/Frameworks",
					"@loader_path/Frameworks",
				);
				PRODUCT_BUNDLE_IDENTIFIER = com.vandrj.WeatherBrickTests;
				PRODUCT_NAME = "$(TARGET_NAME)";
				SWIFT_VERSION = 4.0;
				TARGETED_DEVICE_FAMILY = "1,2";
				TEST_HOST = "$(BUILT_PRODUCTS_DIR)/WeatherBrick.app/WeatherBrick";
			};
			name = Release;
		};
		A3475F2A273305F400BF5E86 /* Debug */ = {
			isa = XCBuildConfiguration;
			baseConfigurationReference = 4015FC6E71E560E46514B7CE /* Pods-WeatherBrick-WeatherBrickUITests.debug.xcconfig */;
			buildSettings = {
				ALWAYS_EMBED_SWIFT_STANDARD_LIBRARIES = YES;
				CODE_SIGN_STYLE = Automatic;
				INFOPLIST_FILE = WeatherBrickUITests/Info.plist;
				LD_RUNPATH_SEARCH_PATHS = (
					"$(inherited)",
					"@executable_path/Frameworks",
					"@loader_path/Frameworks",
				);
				PRODUCT_BUNDLE_IDENTIFIER = com.vandrj.WeatherBrickUITests;
				PRODUCT_NAME = "$(TARGET_NAME)";
				SWIFT_VERSION = 4.0;
				TARGETED_DEVICE_FAMILY = "1,2";
				TEST_TARGET_NAME = WeatherBrick;
			};
			name = Debug;
		};
		A3475F2B273305F400BF5E86 /* Release */ = {
			isa = XCBuildConfiguration;
			baseConfigurationReference = 96AF8A91A5D8D0B40EF285F7 /* Pods-WeatherBrick-WeatherBrickUITests.release.xcconfig */;
			buildSettings = {
				ALWAYS_EMBED_SWIFT_STANDARD_LIBRARIES = YES;
				CODE_SIGN_STYLE = Automatic;
				INFOPLIST_FILE = WeatherBrickUITests/Info.plist;
				LD_RUNPATH_SEARCH_PATHS = (
					"$(inherited)",
					"@executable_path/Frameworks",
					"@loader_path/Frameworks",
				);
				PRODUCT_BUNDLE_IDENTIFIER = com.vandrj.WeatherBrickUITests;
				PRODUCT_NAME = "$(TARGET_NAME)";
				SWIFT_VERSION = 4.0;
				TARGETED_DEVICE_FAMILY = "1,2";
				TEST_TARGET_NAME = WeatherBrick;
			};
			name = Release;
		};
/* End XCBuildConfiguration section */

/* Begin XCConfigurationList section */
		A3475EF6273305F200BF5E86 /* Build configuration list for PBXProject "WeatherBrick" */ = {
			isa = XCConfigurationList;
			buildConfigurations = (
				A3475F21273305F400BF5E86 /* Debug */,
				A3475F22273305F400BF5E86 /* Release */,
			);
			defaultConfigurationIsVisible = 0;
			defaultConfigurationName = Release;
		};
		A3475F23273305F400BF5E86 /* Build configuration list for PBXNativeTarget "WeatherBrick" */ = {
			isa = XCConfigurationList;
			buildConfigurations = (
				A3475F24273305F400BF5E86 /* Debug */,
				A3475F25273305F400BF5E86 /* Release */,
			);
			defaultConfigurationIsVisible = 0;
			defaultConfigurationName = Release;
		};
		A3475F26273305F400BF5E86 /* Build configuration list for PBXNativeTarget "WeatherBrickTests" */ = {
			isa = XCConfigurationList;
			buildConfigurations = (
				A3475F27273305F400BF5E86 /* Debug */,
				A3475F28273305F400BF5E86 /* Release */,
			);
			defaultConfigurationIsVisible = 0;
			defaultConfigurationName = Release;
		};
		A3475F29273305F400BF5E86 /* Build configuration list for PBXNativeTarget "WeatherBrickUITests" */ = {
			isa = XCConfigurationList;
			buildConfigurations = (
				A3475F2A273305F400BF5E86 /* Debug */,
				A3475F2B273305F400BF5E86 /* Release */,
			);
			defaultConfigurationIsVisible = 0;
			defaultConfigurationName = Release;
		};
/* End XCConfigurationList section */
	};
	rootObject = A3475EF3273305F200BF5E86 /* Project object */;
}
